PODS:
  - Alamofire (5.7.1)
  - CocoaLumberjack/Core (3.8.0)
  - CocoaLumberjack/Swift (3.8.0):
    - CocoaLumberjack/Core
  - FlexibleDiff (0.0.9)
  - GzipSwift (5.1.1)
  - PromiseKit (6.18.1):
    - PromiseKit/CorePromise (= 6.18.1)
    - PromiseKit/Foundation (= 6.18.1)
    - PromiseKit/UIKit (= 6.18.1)
  - PromiseKit/CorePromise (6.18.1)
  - PromiseKit/Foundation (6.18.1):
    - PromiseKit/CorePromise
  - RxCocoa (6.5.0):
    - RxRelay (= 6.5.0)
    - RxSwift (= 6.5.0)
  - RxRelay (6.5.0):
    - RxSwift (= 6.5.0)
  - RxSwift (6.5.0)
  - Starscream (3.1.1)
  - SwiftLint (0.52.2)
  - SwiftyJSON (5.0.1)
  - WebViewJavascriptBridge (6.0.3)
  - Yams (5.0.5)

DEPENDENCIES:
  - Alamofire (~> 5.0)
  - CocoaLumberjack/Swift
  - FlexibleDiff
  - GzipSwift
  - PromiseKit (~> 6.8)
  - RxCocoa
  - RxSwift
  - Starscream (= 3.1.1)
  - SwiftLint
  - SwiftyJSON
  - WebViewJavascriptBridge
  - Yams

SPEC REPOS:
  trunk:
    - Alamofire
    - CocoaLumberjack
    - FlexibleDiff
    - GzipSwift
    - PromiseKit
    - RxCocoa
    - RxRelay
    - RxSwift
    - Starscream
    - SwiftLint
    - SwiftyJSON
    - WebViewJavascriptBridge
    - Yams

SPEC CHECKSUMS:
  Alamofire: 0123a34370cb170936ae79a8df46cc62b2edeb88
  CocoaLumberjack: 78abfb691154e2a9df8ded4350d504ee19d90732
  FlexibleDiff: b9ee9b8305b42c784f5dd40589203c97c55bbaa0
  GzipSwift: 893f3e48e597a1a4f62fafcb6514220fcf8287fa
  PromiseKit: 49d70c53d5d20e346beaea4b276b5dd2ab446bb4
  RxCocoa: 94f817b71c07517321eb4f9ad299112ca8af743b
  RxRelay: 1de1523e604c72b6c68feadedd1af3b1b4d0ecbd
  RxSwift: 5710a9e6b17f3c3d6e40d6e559b9fa1e813b2ef8
  Starscream: 4bb2f9942274833f7b4d296a55504dcfc7edb7b0
  SwiftLint: 1ac76dac888ca05cb0cf24d0c85887ec1209961d
  SwiftyJSON: 2f33a42c6fbc52764d96f13368585094bfd8aa5e
  WebViewJavascriptBridge: 7f5bc4d3581e672e8f32bd0f812d54bc69bb8e29
  Yams: 271b5757cee031e087ae6322128895c04826c4f3

PODFILE CHECKSUM: 9106cf405ff39a4b995c7370bee60e8f7076b234

COCOAPODS: 1.12.1
