PODS:
  - Alamofire (5.6.2)
  - CocoaLumberjack/Core (3.8.0)
  - CocoaLumberjack/Swift (3.8.0):
    - CocoaLumberjack/Core
  - FlexibleDiff (0.0.9)
  - GzipSwift (5.1.1)
  - LetsMove (1.25)
  - PromiseKit (6.18.1):
    - PromiseKit/CorePromise (= 6.18.1)
    - PromiseKit/Foundation (= 6.18.1)
    - PromiseKit/UIKit (= 6.18.1)
  - PromiseKit/CorePromise (6.18.1)
  - PromiseKit/Foundation (6.18.1):
    - PromiseKit/CorePromise
  - RxCocoa (6.5.0):
    - RxRelay (= 6.5.0)
    - RxSwift (= 6.5.0)
  - RxRelay (6.5.0):
    - RxSwift (= 6.5.0)
  - RxSwift (6.5.0)
  - Starscream (3.1.1)
  - SwiftyJSON (5.0.1)
  - WebViewJavascriptBridge (6.0.3)
  - Yams (5.0.0)

DEPENDENCIES:
  - Alamofire (~> 5.0)
  - CocoaLumberjack/Swift
  - FlexibleDiff
  - GzipSwift
  - LetsMove
  - PromiseKit (~> 6.8)
  - RxCocoa
  - RxSwift
  - Starscream (= 3.1.1)
  - SwiftyJSON
  - WebViewJavascriptBridge
  - Yams

SPEC REPOS:
  trunk:
    - Alamofire
    - CocoaLumberjack
    - FlexibleDiff
    - GzipSwift
    - LetsMove
    - PromiseKit
    - RxCocoa
    - RxRelay
    - RxSwift
    - Starscream
    - SwiftyJSON
    - WebViewJavascriptBridge
    - Yams

SPEC CHECKSUMS:
  Alamofire: d368e1ff8a298e6dde360e35a3e68e6c610e7204
  CocoaLumberjack: 78abfb691154e2a9df8ded4350d504ee19d90732
  FlexibleDiff: b9ee9b8305b42c784f5dd40589203c97c55bbaa0
  GzipSwift: 893f3e48e597a1a4f62fafcb6514220fcf8287fa
  LetsMove: 7b9fe44737707d984fbd3f47af46609a9a07b461
  PromiseKit: 49d70c53d5d20e346beaea4b276b5dd2ab446bb4
  RxCocoa: 94f817b71c07517321eb4f9ad299112ca8af743b
  RxRelay: 1de1523e604c72b6c68feadedd1af3b1b4d0ecbd
  RxSwift: 5710a9e6b17f3c3d6e40d6e559b9fa1e813b2ef8
  Starscream: 4bb2f9942274833f7b4d296a55504dcfc7edb7b0
  SwiftyJSON: 2f33a42c6fbc52764d96f13368585094bfd8aa5e
  WebViewJavascriptBridge: 7f5bc4d3581e672e8f32bd0f812d54bc69bb8e29
  Yams: b5c3e188ceeb8321a9830b1d0e791ccea9af3201

PODFILE CHECKSUM: 8723148a909e836604a13ea038cf5206d1d450a0

COCOAPODS: 1.11.3
